
Microsoft Visual Studio Solution File, Format Version 12.00
# Visual Studio Version 17
Project("{2150E333-8FDC-42A3-9474-1A3956D46DE8}") = "CMakePredefinedTargets", "CMakePredefinedTargets", "{10912ED9-6DCE-3627-8C76-9B4A5AA75C48}"
EndProject
Project("{8BC9CEB8-8B4A-11D0-8D11-00A0C91BC942}") = "CSC8503", "CSC8503\CSC8503.vcxproj", "{4D0DCD27-247D-3B23-8436-906F57591792}"
	ProjectSection(ProjectDependencies) = postProject
		{D892036B-4FB1-31B3-8357-8D12AA7A794F} = {D892036B-4FB1-31B3-8357-8D12AA7A794F}
		{8FA19EE3-4707-3C34-B6AE-EB1B879FEF9B} = {8FA19EE3-4707-3C34-B6AE-EB1B879FEF9B}
		{DC586F1A-831D-3020-B930-F84440FA1599} = {DC586F1A-831D-3020-B930-F84440FA1599}
		{EA9EB350-691E-3B42-BBAD-D8C400ADE8AF} = {EA9EB350-691E-3B42-BBAD-D8C400ADE8AF}
	EndProjectSection
EndProject
Project("{8BC9CEB8-8B4A-11D0-8D11-00A0C91BC942}") = "ALL_BUILD", "ALL_BUILD.vcxproj", "{3E4385C5-5E92-3C7F-B3A7-88D3033BD7C9}"
	ProjectSection(ProjectDependencies) = postProject
		{4D0DCD27-247D-3B23-8436-906F57591792} = {4D0DCD27-247D-3B23-8436-906F57591792}
		{D892036B-4FB1-31B3-8357-8D12AA7A794F} = {D892036B-4FB1-31B3-8357-8D12AA7A794F}
		{8FA19EE3-4707-3C34-B6AE-EB1B879FEF9B} = {8FA19EE3-4707-3C34-B6AE-EB1B879FEF9B}
		{DC586F1A-831D-3020-B930-F84440FA1599} = {DC586F1A-831D-3020-B930-F84440FA1599}
		{EA9EB350-691E-3B42-BBAD-D8C400ADE8AF} = {EA9EB350-691E-3B42-BBAD-D8C400ADE8AF}
	EndProjectSection
EndProject
Project("{8BC9CEB8-8B4A-11D0-8D11-00A0C91BC942}") = "CSC8503CoreClasses", "CSC8503CoreClasses\CSC8503CoreClasses.vcxproj", "{D892036B-4FB1-31B3-8357-8D12AA7A794F}"
	ProjectSection(ProjectDependencies) = postProject
		{EA9EB350-691E-3B42-BBAD-D8C400ADE8AF} = {EA9EB350-691E-3B42-BBAD-D8C400ADE8AF}
	EndProjectSection
EndProject
Project("{8BC9CEB8-8B4A-11D0-8D11-00A0C91BC942}") = "NCLCoreClasses", "NCLCoreClasses\NCLCoreClasses.vcxproj", "{8FA19EE3-4707-3C34-B6AE-EB1B879FEF9B}"
	ProjectSection(ProjectDependencies) = postProject
		{EA9EB350-691E-3B42-BBAD-D8C400ADE8AF} = {EA9EB350-691E-3B42-BBAD-D8C400ADE8AF}
	EndProjectSection
EndProject
Project("{8BC9CEB8-8B4A-11D0-8D11-00A0C91BC942}") = "OpenGLRendering", "OpenGLRendering\OpenGLRendering.vcxproj", "{DC586F1A-831D-3020-B930-F84440FA1599}"
	ProjectSection(ProjectDependencies) = postProject
		{8FA19EE3-4707-3C34-B6AE-EB1B879FEF9B} = {8FA19EE3-4707-3C34-B6AE-EB1B879FEF9B}
		{EA9EB350-691E-3B42-BBAD-D8C400ADE8AF} = {EA9EB350-691E-3B42-BBAD-D8C400ADE8AF}
	EndProjectSection
EndProject
Project("{8BC9CEB8-8B4A-11D0-8D11-00A0C91BC942}") = "ZERO_CHECK", "ZERO_CHECK.vcxproj", "{EA9EB350-691E-3B42-BBAD-D8C400ADE8AF}"
	ProjectSection(ProjectDependencies) = postProject
	EndProjectSection
EndProject
Global
	GlobalSection(SolutionConfigurationPlatforms) = preSolution
		Debug|x64 = Debug|x64
		Release|x64 = Release|x64
	EndGlobalSection
	GlobalSection(ProjectConfigurationPlatforms) = postSolution
		{4D0DCD27-247D-3B23-8436-906F57591792}.Debug|x64.ActiveCfg = Debug|x64
		{4D0DCD27-247D-3B23-8436-906F57591792}.Debug|x64.Build.0 = Debug|x64
		{4D0DCD27-247D-3B23-8436-906F57591792}.Release|x64.ActiveCfg = Release|x64
		{4D0DCD27-247D-3B23-8436-906F57591792}.Release|x64.Build.0 = Release|x64
		{3E4385C5-5E92-3C7F-B3A7-88D3033BD7C9}.Debug|x64.ActiveCfg = Debug|x64
		{3E4385C5-5E92-3C7F-B3A7-88D3033BD7C9}.Release|x64.ActiveCfg = Release|x64
		{D892036B-4FB1-31B3-8357-8D12AA7A794F}.Debug|x64.ActiveCfg = Debug|x64
		{D892036B-4FB1-31B3-8357-8D12AA7A794F}.Debug|x64.Build.0 = Debug|x64
		{D892036B-4FB1-31B3-8357-8D12AA7A794F}.Release|x64.ActiveCfg = Release|x64
		{D892036B-4FB1-31B3-8357-8D12AA7A794F}.Release|x64.Build.0 = Release|x64
		{8FA19EE3-4707-3C34-B6AE-EB1B879FEF9B}.Debug|x64.ActiveCfg = Debug|x64
		{8FA19EE3-4707-3C34-B6AE-EB1B879FEF9B}.Debug|x64.Build.0 = Debug|x64
		{8FA19EE3-4707-3C34-B6AE-EB1B879FEF9B}.Release|x64.ActiveCfg = Release|x64
		{8FA19EE3-4707-3C34-B6AE-EB1B879FEF9B}.Release|x64.Build.0 = Release|x64
		{DC586F1A-831D-3020-B930-F84440FA1599}.Debug|x64.ActiveCfg = Debug|x64
		{DC586F1A-831D-3020-B930-F84440FA1599}.Debug|x64.Build.0 = Debug|x64
		{DC586F1A-831D-3020-B930-F84440FA1599}.Release|x64.ActiveCfg = Release|x64
		{DC586F1A-831D-3020-B930-F84440FA1599}.Release|x64.Build.0 = Release|x64
		{EA9EB350-691E-3B42-BBAD-D8C400ADE8AF}.Debug|x64.ActiveCfg = Debug|x64
		{EA9EB350-691E-3B42-BBAD-D8C400ADE8AF}.Debug|x64.Build.0 = Debug|x64
		{EA9EB350-691E-3B42-BBAD-D8C400ADE8AF}.Release|x64.ActiveCfg = Release|x64
		{EA9EB350-691E-3B42-BBAD-D8C400ADE8AF}.Release|x64.Build.0 = Release|x64
	EndGlobalSection
	GlobalSection(NestedProjects) = preSolution
		{3E4385C5-5E92-3C7F-B3A7-88D3033BD7C9} = {10912ED9-6DCE-3627-8C76-9B4A5AA75C48}
		{EA9EB350-691E-3B42-BBAD-D8C400ADE8AF} = {10912ED9-6DCE-3627-8C76-9B4A5AA75C48}
	EndGlobalSection
	GlobalSection(ExtensibilityGlobals) = postSolution
		SolutionGuid = {EA2F9A38-EF57-3DE5-AB79-D077DD6A3EFC}
	EndGlobalSection
	GlobalSection(ExtensibilityAddIns) = postSolution
	EndGlobalSection
EndGlobal
