
Microsoft Visual Studio Solution File, Format Version 12.00
# Visual Studio Version 17
Project("{2150E333-8FDC-42A3-9474-1A3956D46DE8}") = "CMakePredefinedTargets", "CMakePredefinedTargets", "{8738F9D2-34A3-3001-A147-26C9E4B65128}"
EndProject
Project("{8BC9CEB8-8B4A-11D0-8D11-00A0C91BC942}") = "CSC8503", "CSC8503\CSC8503.vcxproj", "{8949F62C-195C-3272-B90F-B32EC6602028}"
	ProjectSection(ProjectDependencies) = postProject
		{9903624B-4D22-3FE2-9939-1B497A766346} = {9903624B-4D22-3FE2-9939-1B497A766346}
		{C46929A6-35CF-3DF8-B199-501012C23723} = {C46929A6-35CF-3DF8-B199-501012C23723}
		{D8BD9B0A-2FE0-3DDA-A0E9-ABDE9AD5FDB7} = {D8BD9B0A-2FE0-3DDA-A0E9-ABDE9AD5FDB7}
		{B61AB8DD-B9D3-3627-8F25-285683B1E7FB} = {B61AB8DD-B9D3-3627-8F25-285683B1E7FB}
	EndProjectSection
EndProject
Project("{8BC9CEB8-8B4A-11D0-8D11-00A0C91BC942}") = "ALL_BUILD", "ALL_BUILD.vcxproj", "{6D3F7755-E34D-3B60-9DC7-843EC1AE0102}"
	ProjectSection(ProjectDependencies) = postProject
		{8949F62C-195C-3272-B90F-B32EC6602028} = {8949F62C-195C-3272-B90F-B32EC6602028}
		{9903624B-4D22-3FE2-9939-1B497A766346} = {9903624B-4D22-3FE2-9939-1B497A766346}
		{C46929A6-35CF-3DF8-B199-501012C23723} = {C46929A6-35CF-3DF8-B199-501012C23723}
		{D8BD9B0A-2FE0-3DDA-A0E9-ABDE9AD5FDB7} = {D8BD9B0A-2FE0-3DDA-A0E9-ABDE9AD5FDB7}
		{B61AB8DD-B9D3-3627-8F25-285683B1E7FB} = {B61AB8DD-B9D3-3627-8F25-285683B1E7FB}
	EndProjectSection
EndProject
Project("{8BC9CEB8-8B4A-11D0-8D11-00A0C91BC942}") = "CSC8503CoreClasses", "CSC8503CoreClasses\CSC8503CoreClasses.vcxproj", "{9903624B-4D22-3FE2-9939-1B497A766346}"
	ProjectSection(ProjectDependencies) = postProject
		{B61AB8DD-B9D3-3627-8F25-285683B1E7FB} = {B61AB8DD-B9D3-3627-8F25-285683B1E7FB}
	EndProjectSection
EndProject
Project("{8BC9CEB8-8B4A-11D0-8D11-00A0C91BC942}") = "NCLCoreClasses", "NCLCoreClasses\NCLCoreClasses.vcxproj", "{C46929A6-35CF-3DF8-B199-501012C23723}"
	ProjectSection(ProjectDependencies) = postProject
		{B61AB8DD-B9D3-3627-8F25-285683B1E7FB} = {B61AB8DD-B9D3-3627-8F25-285683B1E7FB}
	EndProjectSection
EndProject
Project("{8BC9CEB8-8B4A-11D0-8D11-00A0C91BC942}") = "OpenGLRendering", "OpenGLRendering\OpenGLRendering.vcxproj", "{D8BD9B0A-2FE0-3DDA-A0E9-ABDE9AD5FDB7}"
	ProjectSection(ProjectDependencies) = postProject
		{C46929A6-35CF-3DF8-B199-501012C23723} = {C46929A6-35CF-3DF8-B199-501012C23723}
		{B61AB8DD-B9D3-3627-8F25-285683B1E7FB} = {B61AB8DD-B9D3-3627-8F25-285683B1E7FB}
	EndProjectSection
EndProject
Project("{8BC9CEB8-8B4A-11D0-8D11-00A0C91BC942}") = "ZERO_CHECK", "ZERO_CHECK.vcxproj", "{B61AB8DD-B9D3-3627-8F25-285683B1E7FB}"
	ProjectSection(ProjectDependencies) = postProject
	EndProjectSection
EndProject
Global
	GlobalSection(SolutionConfigurationPlatforms) = preSolution
		Debug|x64 = Debug|x64
		Release|x64 = Release|x64
	EndGlobalSection
	GlobalSection(ProjectConfigurationPlatforms) = postSolution
		{8949F62C-195C-3272-B90F-B32EC6602028}.Debug|x64.ActiveCfg = Debug|x64
		{8949F62C-195C-3272-B90F-B32EC6602028}.Debug|x64.Build.0 = Debug|x64
		{8949F62C-195C-3272-B90F-B32EC6602028}.Release|x64.ActiveCfg = Release|x64
		{8949F62C-195C-3272-B90F-B32EC6602028}.Release|x64.Build.0 = Release|x64
		{6D3F7755-E34D-3B60-9DC7-843EC1AE0102}.Debug|x64.ActiveCfg = Debug|x64
		{6D3F7755-E34D-3B60-9DC7-843EC1AE0102}.Release|x64.ActiveCfg = Release|x64
		{9903624B-4D22-3FE2-9939-1B497A766346}.Debug|x64.ActiveCfg = Debug|x64
		{9903624B-4D22-3FE2-9939-1B497A766346}.Debug|x64.Build.0 = Debug|x64
		{9903624B-4D22-3FE2-9939-1B497A766346}.Release|x64.ActiveCfg = Release|x64
		{9903624B-4D22-3FE2-9939-1B497A766346}.Release|x64.Build.0 = Release|x64
		{C46929A6-35CF-3DF8-B199-501012C23723}.Debug|x64.ActiveCfg = Debug|x64
		{C46929A6-35CF-3DF8-B199-501012C23723}.Debug|x64.Build.0 = Debug|x64
		{C46929A6-35CF-3DF8-B199-501012C23723}.Release|x64.ActiveCfg = Release|x64
		{C46929A6-35CF-3DF8-B199-501012C23723}.Release|x64.Build.0 = Release|x64
		{D8BD9B0A-2FE0-3DDA-A0E9-ABDE9AD5FDB7}.Debug|x64.ActiveCfg = Debug|x64
		{D8BD9B0A-2FE0-3DDA-A0E9-ABDE9AD5FDB7}.Debug|x64.Build.0 = Debug|x64
		{D8BD9B0A-2FE0-3DDA-A0E9-ABDE9AD5FDB7}.Release|x64.ActiveCfg = Release|x64
		{D8BD9B0A-2FE0-3DDA-A0E9-ABDE9AD5FDB7}.Release|x64.Build.0 = Release|x64
		{B61AB8DD-B9D3-3627-8F25-285683B1E7FB}.Debug|x64.ActiveCfg = Debug|x64
		{B61AB8DD-B9D3-3627-8F25-285683B1E7FB}.Debug|x64.Build.0 = Debug|x64
		{B61AB8DD-B9D3-3627-8F25-285683B1E7FB}.Release|x64.ActiveCfg = Release|x64
		{B61AB8DD-B9D3-3627-8F25-285683B1E7FB}.Release|x64.Build.0 = Release|x64
	EndGlobalSection
	GlobalSection(NestedProjects) = preSolution
		{6D3F7755-E34D-3B60-9DC7-843EC1AE0102} = {8738F9D2-34A3-3001-A147-26C9E4B65128}
		{B61AB8DD-B9D3-3627-8F25-285683B1E7FB} = {8738F9D2-34A3-3001-A147-26C9E4B65128}
	EndGlobalSection
	GlobalSection(ExtensibilityGlobals) = postSolution
		SolutionGuid = {328FC97D-334E-3984-8B68-898C72B95AAC}
	EndGlobalSection
	GlobalSection(ExtensibilityAddIns) = postSolution
	EndGlobalSection
EndGlobal
