<?xml version="1.0" encoding="utf-8"?>
<Project ToolsVersion="17.0" xmlns="http://schemas.microsoft.com/developer/msbuild/2003">
  <ItemGroup>
    <CustomBuild Include="C:\Users\c3002856\source\repos\CSC8503\CSC8503\CMakeFiles\96ffbc3b52a5d02aa03fb652e86d2dbf\generate.stamp.rule">
      <Filter>CMake Rules</Filter>
    </CustomBuild>
  </ItemGroup>
  <ItemGroup>
    <Filter Include="CMake Rules">
      <UniqueIdentifier>{E580B1EE-2B9C-34E8-9C11-F652BF4009F7}</UniqueIdentifier>
    </Filter>
  </ItemGroup>
</Project>
