<?xml version="1.0" encoding="utf-8"?>
<Project ToolsVersion="17.0" xmlns="http://schemas.microsoft.com/developer/msbuild/2003">
  <ItemGroup>
    <ClCompile Include="C:\Users\c3012094\source\repos\CSC8508\CSC8503CoreClasses\CMakeFiles\CSC8503CoreClasses.dir\cmake_pch.hxx.cxx">
      <Filter>Source Files</Filter>
    </ClCompile>
    <ClCompile Include="C:\Users\c3012094\source\repos\CSC8508\CSC8503CoreClasses\Debug.h">
      <Filter>Header Files</Filter>
    </ClCompile>
    <ClCompile Include="C:\Users\c3012094\source\repos\CSC8508\CSC8503CoreClasses\GameObject.h">
      <Filter>Header Files</Filter>
    </ClCompile>
    <ClCompile Include="C:\Users\c3012094\source\repos\CSC8508\CSC8503CoreClasses\GameWorld.h">
      <Filter>Header Files</Filter>
    </ClCompile>
    <ClCompile Include="C:\Users\c3012094\source\repos\CSC8508\CSC8503CoreClasses\RenderObject.h">
      <Filter>Header Files</Filter>
    </ClCompile>
    <ClCompile Include="C:\Users\c3012094\source\repos\CSC8508\CSC8503CoreClasses\Transform.h">
      <Filter>Header Files</Filter>
    </ClCompile>
    <ClCompile Include="C:\Users\c3012094\source\repos\CSC8508\CSC8503CoreClasses\Debug.cpp">
      <Filter>Source Files</Filter>
    </ClCompile>
    <ClCompile Include="C:\Users\c3012094\source\repos\CSC8508\CSC8503CoreClasses\GameObject.cpp">
      <Filter>Source Files</Filter>
    </ClCompile>
    <ClCompile Include="C:\Users\c3012094\source\repos\CSC8508\CSC8503CoreClasses\GameWorld.cpp">
      <Filter>Source Files</Filter>
    </ClCompile>
    <ClCompile Include="C:\Users\c3012094\source\repos\CSC8508\CSC8503CoreClasses\RenderObject.cpp">
      <Filter>Source Files</Filter>
    </ClCompile>
    <ClCompile Include="C:\Users\c3012094\source\repos\CSC8508\CSC8503CoreClasses\Transform.cpp">
      <Filter>Source Files</Filter>
    </ClCompile>
    <ClCompile Include="C:\Users\c3012094\source\repos\CSC8508\CSC8503CoreClasses\BehaviourAction.h">
      <Filter>AI\Behaviour Trees</Filter>
    </ClCompile>
    <ClCompile Include="C:\Users\c3012094\source\repos\CSC8508\CSC8503CoreClasses\BehaviourNode.h">
      <Filter>AI\Behaviour Trees</Filter>
    </ClCompile>
    <ClCompile Include="C:\Users\c3012094\source\repos\CSC8508\CSC8503CoreClasses\BehaviourNodeWithChildren.h">
      <Filter>AI\Behaviour Trees</Filter>
    </ClCompile>
    <ClCompile Include="C:\Users\c3012094\source\repos\CSC8508\CSC8503CoreClasses\BehaviourSelector.h">
      <Filter>AI\Behaviour Trees</Filter>
    </ClCompile>
    <ClCompile Include="C:\Users\c3012094\source\repos\CSC8508\CSC8503CoreClasses\BehaviourSelector.cpp">
      <Filter>AI\Behaviour Trees</Filter>
    </ClCompile>
    <ClCompile Include="C:\Users\c3012094\source\repos\CSC8508\CSC8503CoreClasses\BehaviourSequence.h">
      <Filter>AI\Behaviour Trees</Filter>
    </ClCompile>
    <ClCompile Include="C:\Users\c3012094\source\repos\CSC8508\CSC8503CoreClasses\BehaviourSequence.cpp">
      <Filter>AI\Behaviour Trees</Filter>
    </ClCompile>
    <ClCompile Include="C:\Users\c3012094\source\repos\CSC8508\CSC8503CoreClasses\PushdownMachine.h">
      <Filter>AI\Pushdown Automata</Filter>
    </ClCompile>
    <ClCompile Include="C:\Users\c3012094\source\repos\CSC8508\CSC8503CoreClasses\PushdownMachine.cpp">
      <Filter>AI\Pushdown Automata</Filter>
    </ClCompile>
    <ClCompile Include="C:\Users\c3012094\source\repos\CSC8508\CSC8503CoreClasses\PushdownState.h">
      <Filter>AI\Pushdown Automata</Filter>
    </ClCompile>
    <ClCompile Include="C:\Users\c3012094\source\repos\CSC8508\CSC8503CoreClasses\PushdownState.cpp">
      <Filter>AI\Pushdown Automata</Filter>
    </ClCompile>
    <ClCompile Include="C:\Users\c3012094\source\repos\CSC8508\CSC8503CoreClasses\State.h">
      <Filter>AI\State Machine</Filter>
    </ClCompile>
    <ClCompile Include="C:\Users\c3012094\source\repos\CSC8508\CSC8503CoreClasses\StateMachine.h">
      <Filter>AI\State Machine</Filter>
    </ClCompile>
    <ClCompile Include="C:\Users\c3012094\source\repos\CSC8508\CSC8503CoreClasses\StateMachine.cpp">
      <Filter>AI\State Machine</Filter>
    </ClCompile>
    <ClCompile Include="C:\Users\c3012094\source\repos\CSC8508\CSC8503CoreClasses\StateTransition.h">
      <Filter>AI\State Machine</Filter>
    </ClCompile>
    <ClCompile Include="C:\Users\c3012094\source\repos\CSC8508\CSC8503CoreClasses\NavigationGrid.h">
      <Filter>AI\Pathfinding</Filter>
    </ClCompile>
    <ClCompile Include="C:\Users\c3012094\source\repos\CSC8508\CSC8503CoreClasses\NavigationGrid.cpp">
      <Filter>AI\Pathfinding</Filter>
    </ClCompile>
    <ClCompile Include="C:\Users\c3012094\source\repos\CSC8508\CSC8503CoreClasses\NavigationMesh.cpp">
      <Filter>AI\Pathfinding</Filter>
    </ClCompile>
    <ClCompile Include="C:\Users\c3012094\source\repos\CSC8508\CSC8503CoreClasses\NavigationMesh.h">
      <Filter>AI\Pathfinding</Filter>
    </ClCompile>
    <ClCompile Include="C:\Users\c3012094\source\repos\CSC8508\CSC8503CoreClasses\NavigationMap.h">
      <Filter>AI\Pathfinding</Filter>
    </ClCompile>
    <ClCompile Include="C:\Users\c3012094\source\repos\CSC8508\CSC8503CoreClasses\NavigationPath.h">
      <Filter>AI\Pathfinding</Filter>
    </ClCompile>
    <ClCompile Include="C:\Users\c3012094\source\repos\CSC8508\CSC8503CoreClasses\AABBVolume.h">
      <Filter>Collision Detection</Filter>
    </ClCompile>
    <ClCompile Include="C:\Users\c3012094\source\repos\CSC8508\CSC8503CoreClasses\CapsuleVolume.h">
      <Filter>Collision Detection</Filter>
    </ClCompile>
    <ClCompile Include="C:\Users\c3012094\source\repos\CSC8508\CSC8503CoreClasses\CapsuleVolume.cpp">
      <Filter>Collision Detection</Filter>
    </ClCompile>
    <ClCompile Include="C:\Users\c3012094\source\repos\CSC8508\CSC8503CoreClasses\CollisionDetection.h">
      <Filter>Collision Detection</Filter>
    </ClCompile>
    <ClCompile Include="C:\Users\c3012094\source\repos\CSC8508\CSC8503CoreClasses\CollisionDetection.cpp">
      <Filter>Collision Detection</Filter>
    </ClCompile>
    <ClCompile Include="C:\Users\c3012094\source\repos\CSC8508\CSC8503CoreClasses\CollisionVolume.h">
      <Filter>Collision Detection</Filter>
    </ClCompile>
    <ClCompile Include="C:\Users\c3012094\source\repos\CSC8508\CSC8503CoreClasses\OBBVolume.h">
      <Filter>Collision Detection</Filter>
    </ClCompile>
    <ClCompile Include="C:\Users\c3012094\source\repos\CSC8508\CSC8503CoreClasses\QuadTree.h">
      <Filter>Collision Detection</Filter>
    </ClCompile>
    <ClCompile Include="C:\Users\c3012094\source\repos\CSC8508\CSC8503CoreClasses\QuadTree.cpp">
      <Filter>Collision Detection</Filter>
    </ClCompile>
    <ClCompile Include="C:\Users\c3012094\source\repos\CSC8508\CSC8503CoreClasses\Ray.h">
      <Filter>Collision Detection</Filter>
    </ClCompile>
    <ClCompile Include="C:\Users\c3012094\source\repos\CSC8508\CSC8503CoreClasses\SphereVolume.h">
      <Filter>Collision Detection</Filter>
    </ClCompile>
    <ClCompile Include="C:\Users\c3012094\source\repos\CSC8508\CSC8503CoreClasses\GameClient.h">
      <Filter>Networking</Filter>
    </ClCompile>
    <ClCompile Include="C:\Users\c3012094\source\repos\CSC8508\CSC8503CoreClasses\GameClient.cpp">
      <Filter>Networking</Filter>
    </ClCompile>
    <ClCompile Include="C:\Users\c3012094\source\repos\CSC8508\CSC8503CoreClasses\GameServer.h">
      <Filter>Networking</Filter>
    </ClCompile>
    <ClCompile Include="C:\Users\c3012094\source\repos\CSC8508\CSC8503CoreClasses\GameServer.cpp">
      <Filter>Networking</Filter>
    </ClCompile>
    <ClCompile Include="C:\Users\c3012094\source\repos\CSC8508\CSC8503CoreClasses\NetworkBase.h">
      <Filter>Networking</Filter>
    </ClCompile>
    <ClCompile Include="C:\Users\c3012094\source\repos\CSC8508\CSC8503CoreClasses\NetworkBase.cpp">
      <Filter>Networking</Filter>
    </ClCompile>
    <ClCompile Include="C:\Users\c3012094\source\repos\CSC8508\CSC8503CoreClasses\NetworkObject.h">
      <Filter>Networking</Filter>
    </ClCompile>
    <ClCompile Include="C:\Users\c3012094\source\repos\CSC8508\CSC8503CoreClasses\NetworkObject.cpp">
      <Filter>Networking</Filter>
    </ClCompile>
    <ClCompile Include="C:\Users\c3012094\source\repos\CSC8508\CSC8503CoreClasses\NetworkState.h">
      <Filter>Networking</Filter>
    </ClCompile>
    <ClCompile Include="C:\Users\c3012094\source\repos\CSC8508\CSC8503CoreClasses\NetworkState.cpp">
      <Filter>Networking</Filter>
    </ClCompile>
    <ClCompile Include="C:\Users\c3012094\source\repos\CSC8508\CSC8503CoreClasses\Constraint.h">
      <Filter>Physics</Filter>
    </ClCompile>
    <ClCompile Include="C:\Users\c3012094\source\repos\CSC8508\CSC8503CoreClasses\PositionConstraint.cpp">
      <Filter>Physics</Filter>
    </ClCompile>
    <ClCompile Include="C:\Users\c3012094\source\repos\CSC8508\CSC8503CoreClasses\PositionConstraint.h">
      <Filter>Physics</Filter>
    </ClCompile>
    <ClCompile Include="C:\Users\c3012094\source\repos\CSC8508\CSC8503CoreClasses\OrientationConstraint.cpp">
      <Filter>Physics</Filter>
    </ClCompile>
    <ClCompile Include="C:\Users\c3012094\source\repos\CSC8508\CSC8503CoreClasses\OrientationConstraint.h">
      <Filter>Physics</Filter>
    </ClCompile>
    <ClCompile Include="C:\Users\c3012094\source\repos\CSC8508\CSC8503CoreClasses\PhysicsObject.cpp">
      <Filter>Physics</Filter>
    </ClCompile>
    <ClCompile Include="C:\Users\c3012094\source\repos\CSC8508\CSC8503CoreClasses\PhysicsObject.h">
      <Filter>Physics</Filter>
    </ClCompile>
    <ClCompile Include="C:\Users\c3012094\source\repos\CSC8508\CSC8503CoreClasses\PhysicsSystem.cpp">
      <Filter>Physics</Filter>
    </ClCompile>
    <ClCompile Include="C:\Users\c3012094\source\repos\CSC8508\CSC8503CoreClasses\PhysicsSystem.h">
      <Filter>Physics</Filter>
    </ClCompile>
    <ClCompile Include="C:\Users\c3012094\source\repos\CSC8508\CSC8503CoreClasses\enet\callbacks.c">
      <Filter>eNet</Filter>
    </ClCompile>
    <ClCompile Include="C:\Users\c3012094\source\repos\CSC8508\CSC8503CoreClasses\enet\list.h">
      <Filter>eNet</Filter>
    </ClCompile>
    <ClCompile Include="C:\Users\c3012094\source\repos\CSC8508\CSC8503CoreClasses\enet\list.c">
      <Filter>eNet</Filter>
    </ClCompile>
    <ClCompile Include="C:\Users\c3012094\source\repos\CSC8508\CSC8503CoreClasses\enet\protocol.h">
      <Filter>eNet</Filter>
    </ClCompile>
    <ClCompile Include="C:\Users\c3012094\source\repos\CSC8508\CSC8503CoreClasses\enet\protocol.c">
      <Filter>eNet</Filter>
    </ClCompile>
    <ClCompile Include="C:\Users\c3012094\source\repos\CSC8508\CSC8503CoreClasses\enet\enet.h">
      <Filter>eNet</Filter>
    </ClCompile>
    <ClCompile Include="C:\Users\c3012094\source\repos\CSC8508\CSC8503CoreClasses\enet\time.h">
      <Filter>eNet</Filter>
    </ClCompile>
    <ClCompile Include="C:\Users\c3012094\source\repos\CSC8508\CSC8503CoreClasses\enet\types.h">
      <Filter>eNet</Filter>
    </ClCompile>
    <ClCompile Include="C:\Users\c3012094\source\repos\CSC8508\CSC8503CoreClasses\enet\utility.h">
      <Filter>eNet</Filter>
    </ClCompile>
    <ClCompile Include="C:\Users\c3012094\source\repos\CSC8508\CSC8503CoreClasses\enet\compress.c">
      <Filter>eNet</Filter>
    </ClCompile>
    <ClCompile Include="C:\Users\c3012094\source\repos\CSC8508\CSC8503CoreClasses\enet\host.c">
      <Filter>eNet</Filter>
    </ClCompile>
    <ClCompile Include="C:\Users\c3012094\source\repos\CSC8508\CSC8503CoreClasses\enet\packet.c">
      <Filter>eNet</Filter>
    </ClCompile>
    <ClCompile Include="C:\Users\c3012094\source\repos\CSC8508\CSC8503CoreClasses\enet\peer.c">
      <Filter>eNet</Filter>
    </ClCompile>
    <ClCompile Include="C:\Users\c3012094\source\repos\CSC8508\CSC8503CoreClasses\enet\unix.h">
      <Filter>eNet</Filter>
    </ClCompile>
  </ItemGroup>
  <ItemGroup>
    <ClInclude Include="C:\Users\c3012094\source\repos\CSC8508\CSC8503CoreClasses\CMakeFiles\CSC8503CoreClasses.dir\Debug\cmake_pch.hxx">
      <Filter>Precompile Header File</Filter>
    </ClInclude>
    <ClInclude Include="C:\Users\c3012094\source\repos\CSC8508\CSC8503CoreClasses\CMakeFiles\CSC8503CoreClasses.dir\Release\cmake_pch.hxx">
      <Filter>Precompile Header File</Filter>
    </ClInclude>
  </ItemGroup>
  <ItemGroup>
    <CustomBuild Include="C:\Users\c3012094\source\repos\CSC8508\CSC8503CoreClasses\CMakeLists.txt" />
  </ItemGroup>
  <ItemGroup>
    <Filter Include="AI">
      <UniqueIdentifier>{B448C132-515B-3F5A-B63C-831DF5BEF3D6}</UniqueIdentifier>
    </Filter>
    <Filter Include="AI\Behaviour Trees">
      <UniqueIdentifier>{3F926CE1-6AD6-3C96-95A9-A04D55B0BF2F}</UniqueIdentifier>
    </Filter>
    <Filter Include="AI\Pathfinding">
      <UniqueIdentifier>{967D73B1-D48E-3EB3-9C86-43AB1C4E034F}</UniqueIdentifier>
    </Filter>
    <Filter Include="AI\Pushdown Automata">
      <UniqueIdentifier>{86C609AA-EF4A-367E-BD6D-92A23B47D975}</UniqueIdentifier>
    </Filter>
    <Filter Include="AI\State Machine">
      <UniqueIdentifier>{CE48BC15-0004-3F7B-928C-466E492F6272}</UniqueIdentifier>
    </Filter>
    <Filter Include="Collision Detection">
      <UniqueIdentifier>{1AA4C591-1D8B-358B-90E5-91CE09628B4F}</UniqueIdentifier>
    </Filter>
    <Filter Include="Header Files">
      <UniqueIdentifier>{1E9C4A05-DF7A-3B99-A670-37A7954F2EA4}</UniqueIdentifier>
    </Filter>
    <Filter Include="Networking">
      <UniqueIdentifier>{430396B6-180D-3538-A344-B0FC48D40634}</UniqueIdentifier>
    </Filter>
    <Filter Include="Physics">
      <UniqueIdentifier>{7EF232F1-EB46-3B88-97B4-FA12BC4BC6D4}</UniqueIdentifier>
    </Filter>
    <Filter Include="Precompile Header File">
      <UniqueIdentifier>{07B56224-F52D-3842-90A6-55B93D49DC83}</UniqueIdentifier>
    </Filter>
    <Filter Include="Source Files">
      <UniqueIdentifier>{251FCD03-D7BE-3CE9-BB7C-81488C2C79E4}</UniqueIdentifier>
    </Filter>
    <Filter Include="eNet">
      <UniqueIdentifier>{F8EFAF80-4B64-3CA9-9FFF-05B51E8B4C7C}</UniqueIdentifier>
    </Filter>
  </ItemGroup>
</Project>
