<?xml version="1.0" encoding="utf-8"?>
<Project ToolsVersion="17.0" xmlns="http://schemas.microsoft.com/developer/msbuild/2003">
  <ItemGroup>
    <ClCompile Include="C:\Users\c3002856\source\repos\CSC8503 2023 2\CSC8503 2023\CSC8503\CMakeFiles\CSC8503.dir\cmake_pch.cxx">
      <Filter>Source Files</Filter>
    </ClCompile>
    <ClCompile Include="C:\Users\c3002856\source\repos\CSC8503 2023 2\CSC8503 2023\CSC8503\GameTechRenderer.cpp">
      <Filter>Source Files</Filter>
    </ClCompile>
    <ClCompile Include="C:\Users\c3002856\source\repos\CSC8503 2023 2\CSC8503 2023\CSC8503\Main.cpp">
      <Filter>Source Files</Filter>
    </ClCompile>
    <ClCompile Include="C:\Users\c3002856\source\repos\CSC8503 2023 2\CSC8503 2023\CSC8503\NetworkedGame.cpp">
      <Filter>Source Files</Filter>
    </ClCompile>
    <ClCompile Include="C:\Users\c3002856\source\repos\CSC8503 2023 2\CSC8503 2023\CSC8503\NetworkPlayer.cpp">
      <Filter>Source Files</Filter>
    </ClCompile>
    <ClCompile Include="C:\Users\c3002856\source\repos\CSC8503 2023 2\CSC8503 2023\CSC8503\StateGameObject.cpp">
      <Filter>Source Files</Filter>
    </ClCompile>
    <ClCompile Include="C:\Users\c3002856\source\repos\CSC8503 2023 2\CSC8503 2023\CSC8503\TutorialGame.cpp">
      <Filter>Source Files</Filter>
    </ClCompile>
    <ClCompile Include="C:\Users\c3002856\source\repos\CSC8503 2023 2\CSC8503 2023\CSC8503\Voxels.cpp">
      <Filter>Source Files</Filter>
    </ClCompile>
    <ClCompile Include="C:\Users\c3002856\source\repos\CSC8503 2023 2\CSC8503 2023\CSC8503\PowerUp.cpp">
      <Filter>Source Files</Filter>
    </ClCompile>
    <ClCompile Include="C:\Users\c3002856\source\repos\CSC8503 2023 2\CSC8503 2023\CSC8503\Player.cpp">
      <Filter>Source Files</Filter>
    </ClCompile>
    <ClCompile Include="C:\Users\c3002856\source\repos\CSC8503 2023 2\CSC8503 2023\CSC8503\Goose.cpp">
      <Filter>Source Files</Filter>
    </ClCompile>
    <ClCompile Include="Projectile.cpp">
      <Filter>Source Files</Filter>
    </ClCompile>
  </ItemGroup>
  <ItemGroup>
    <ClInclude Include="C:\Users\c3002856\source\repos\CSC8503 2023 2\CSC8503 2023\CSC8503\GameTechRenderer.h">
      <Filter>Header Files</Filter>
    </ClInclude>
    <ClInclude Include="C:\Users\c3002856\source\repos\CSC8503 2023 2\CSC8503 2023\CSC8503\NetworkedGame.h">
      <Filter>Header Files</Filter>
    </ClInclude>
    <ClInclude Include="C:\Users\c3002856\source\repos\CSC8503 2023 2\CSC8503 2023\CSC8503\NetworkPlayer.h">
      <Filter>Header Files</Filter>
    </ClInclude>
    <ClInclude Include="C:\Users\c3002856\source\repos\CSC8503 2023 2\CSC8503 2023\CSC8503\StateGameObject.h">
      <Filter>Header Files</Filter>
    </ClInclude>
    <ClInclude Include="C:\Users\c3002856\source\repos\CSC8503 2023 2\CSC8503 2023\CSC8503\TutorialGame.h">
      <Filter>Header Files</Filter>
    </ClInclude>
    <ClInclude Include="C:\Users\c3002856\source\repos\CSC8503 2023 2\CSC8503 2023\CSC8503\Voxels.h">
      <Filter>Header Files</Filter>
    </ClInclude>
    <ClInclude Include="C:\Users\c3002856\source\repos\CSC8503 2023 2\CSC8503 2023\CSC8503\PowerUp.h">
      <Filter>Header Files</Filter>
    </ClInclude>
    <ClInclude Include="C:\Users\c3002856\source\repos\CSC8503 2023 2\CSC8503 2023\CSC8503\Player.h">
      <Filter>Header Files</Filter>
    </ClInclude>
    <ClInclude Include="C:\Users\c3002856\source\repos\CSC8503 2023 2\CSC8503 2023\CSC8503\Goose.h">
      <Filter>Header Files</Filter>
    </ClInclude>
    <ClInclude Include="C:\Users\c3002856\source\repos\CSC8503 2023 2\CSC8503 2023\CSC8503\CMakeFiles\CSC8503.dir\Debug\cmake_pch.hxx">
      <Filter>Precompile Header File</Filter>
    </ClInclude>
    <ClInclude Include="C:\Users\c3002856\source\repos\CSC8503 2023 2\CSC8503 2023\CSC8503\CMakeFiles\CSC8503.dir\Release\cmake_pch.hxx">
      <Filter>Precompile Header File</Filter>
    </ClInclude>
    <ClInclude Include="Projectile.h">
      <Filter>Header Files</Filter>
    </ClInclude>
  </ItemGroup>
  <ItemGroup>
    <CustomBuild Include="C:\Users\c3002856\source\repos\CSC8503 2023 2\CSC8503 2023\CSC8503\CMakeLists.txt" />
  </ItemGroup>
  <ItemGroup>
    <Filter Include="Header Files">
      <UniqueIdentifier>{ACD2169A-E80F-3F79-9F47-EAACB848FF99}</UniqueIdentifier>
    </Filter>
    <Filter Include="Precompile Header File">
      <UniqueIdentifier>{4615FFB8-7318-3D52-8070-CE8A9A92B3D4}</UniqueIdentifier>
    </Filter>
    <Filter Include="Source Files">
      <UniqueIdentifier>{BBDC4176-F134-3D01-AC97-4792C4599FD7}</UniqueIdentifier>
    </Filter>
  </ItemGroup>
</Project>