<?xml version="1.0" encoding="utf-8"?>
<Project ToolsVersion="17.0" xmlns="http://schemas.microsoft.com/developer/msbuild/2003">
  <ItemGroup>
    <ClCompile Include="C:\Users\c3002856\source\repos\CSC8503\CSC8503\CSC8503\CMakeFiles\CSC8503.dir\cmake_pch.cxx">
      <Filter>Source Files</Filter>
    </ClCompile>
    <ClCompile Include="C:\Users\c3002856\source\repos\CSC8503\CSC8503\CSC8503\Bullet.cpp">
      <Filter>Source Files</Filter>
    </ClCompile>
    <ClCompile Include="C:\Users\c3002856\source\repos\CSC8503\CSC8503\CSC8503\GameTechRenderer.cpp">
      <Filter>Source Files</Filter>
    </ClCompile>
    <ClCompile Include="C:\Users\c3002856\source\repos\CSC8503\CSC8503\CSC8503\Main.cpp">
      <Filter>Source Files</Filter>
    </ClCompile>
    <ClCompile Include="C:\Users\c3002856\source\repos\CSC8503\CSC8503\CSC8503\NetworkedGame.cpp">
      <Filter>Source Files</Filter>
    </ClCompile>
    <ClCompile Include="C:\Users\c3002856\source\repos\CSC8503\CSC8503\CSC8503\NetworkPlayer.cpp">
      <Filter>Source Files</Filter>
    </ClCompile>
    <ClCompile Include="C:\Users\c3002856\source\repos\CSC8503\CSC8503\CSC8503\StateGameObject.cpp">
      <Filter>Source Files</Filter>
    </ClCompile>
    <ClCompile Include="C:\Users\c3002856\source\repos\CSC8503\CSC8503\CSC8503\TutorialGame.cpp">
      <Filter>Source Files</Filter>
    </ClCompile>
  </ItemGroup>
  <ItemGroup>
    <ClInclude Include="C:\Users\c3002856\source\repos\CSC8503\CSC8503\CSC8503\Bullet.h">
      <Filter>Header Files</Filter>
    </ClInclude>
    <ClInclude Include="C:\Users\c3002856\source\repos\CSC8503\CSC8503\CSC8503\GameTechRenderer.h">
      <Filter>Header Files</Filter>
    </ClInclude>
    <ClInclude Include="C:\Users\c3002856\source\repos\CSC8503\CSC8503\CSC8503\NetworkedGame.h">
      <Filter>Header Files</Filter>
    </ClInclude>
    <ClInclude Include="C:\Users\c3002856\source\repos\CSC8503\CSC8503\CSC8503\NetworkPlayer.h">
      <Filter>Header Files</Filter>
    </ClInclude>
    <ClInclude Include="C:\Users\c3002856\source\repos\CSC8503\CSC8503\CSC8503\StateGameObject.h">
      <Filter>Header Files</Filter>
    </ClInclude>
    <ClInclude Include="C:\Users\c3002856\source\repos\CSC8503\CSC8503\CSC8503\TutorialGame.h">
      <Filter>Header Files</Filter>
    </ClInclude>
    <ClInclude Include="C:\Users\c3002856\source\repos\CSC8503\CSC8503\CSC8503\CMakeFiles\CSC8503.dir\Debug\cmake_pch.hxx">
      <Filter>Precompile Header File</Filter>
    </ClInclude>
    <ClInclude Include="C:\Users\c3002856\source\repos\CSC8503\CSC8503\CSC8503\CMakeFiles\CSC8503.dir\Release\cmake_pch.hxx">
      <Filter>Precompile Header File</Filter>
    </ClInclude>
  </ItemGroup>
  <ItemGroup>
    <CustomBuild Include="C:\Users\c3002856\source\repos\CSC8503\CSC8503\CSC8503\CMakeLists.txt" />
  </ItemGroup>
  <ItemGroup>
    <Filter Include="Header Files">
      <UniqueIdentifier>{7BF6F93B-5934-3B48-9FD2-080693D6619F}</UniqueIdentifier>
    </Filter>
    <Filter Include="Precompile Header File">
      <UniqueIdentifier>{67B74DC1-ADC7-3C9D-9CF4-32A13C22C8D2}</UniqueIdentifier>
    </Filter>
    <Filter Include="Source Files">
      <UniqueIdentifier>{DC70FB0D-8EF7-3134-9173-B7F373CA5632}</UniqueIdentifier>
    </Filter>
  </ItemGroup>
</Project>
