<?xml version="1.0" encoding="utf-8"?>
<Project ToolsVersion="17.0" xmlns="http://schemas.microsoft.com/developer/msbuild/2003">
  <ItemGroup>
    <CustomBuild Include="C:\Users\ishan\source\repos\CSC8503 2023\CMakeFiles\9e4c1c6a54b42fcc0585aa632da75457\Debug.frag.spv.rule">
      <Filter>CMake Rules</Filter>
    </CustomBuild>
    <CustomBuild Include="C:\Users\ishan\source\repos\CSC8503 2023\CMakeFiles\9e4c1c6a54b42fcc0585aa632da75457\Debug.vert.spv.rule">
      <Filter>CMake Rules</Filter>
    </CustomBuild>
    <CustomBuild Include="C:\Users\ishan\source\repos\CSC8503 2023\CMakeFiles\9e4c1c6a54b42fcc0585aa632da75457\DebugText.frag.spv.rule">
      <Filter>CMake Rules</Filter>
    </CustomBuild>
    <CustomBuild Include="C:\Users\ishan\source\repos\CSC8503 2023\CMakeFiles\9e4c1c6a54b42fcc0585aa632da75457\DebugText.vert.spv.rule">
      <Filter>CMake Rules</Filter>
    </CustomBuild>
    <CustomBuild Include="C:\Users\ishan\source\repos\CSC8503 2023\CMakeFiles\9e4c1c6a54b42fcc0585aa632da75457\Shadow.vert.spv.rule">
      <Filter>CMake Rules</Filter>
    </CustomBuild>
    <CustomBuild Include="C:\Users\ishan\source\repos\CSC8503 2023\CMakeFiles\9e4c1c6a54b42fcc0585aa632da75457\scene.frag.spv.rule">
      <Filter>CMake Rules</Filter>
    </CustomBuild>
    <CustomBuild Include="C:\Users\ishan\source\repos\CSC8503 2023\CMakeFiles\9e4c1c6a54b42fcc0585aa632da75457\scene.vert.spv.rule">
      <Filter>CMake Rules</Filter>
    </CustomBuild>
    <CustomBuild Include="C:\Users\ishan\source\repos\CSC8503 2023\CMakeFiles\9e4c1c6a54b42fcc0585aa632da75457\shadow.frag.spv.rule">
      <Filter>CMake Rules</Filter>
    </CustomBuild>
    <CustomBuild Include="C:\Users\ishan\source\repos\CSC8503 2023\CMakeFiles\9e4c1c6a54b42fcc0585aa632da75457\skybox.frag.spv.rule">
      <Filter>CMake Rules</Filter>
    </CustomBuild>
    <CustomBuild Include="C:\Users\ishan\source\repos\CSC8503 2023\CMakeFiles\9e4c1c6a54b42fcc0585aa632da75457\skybox.vert.spv.rule">
      <Filter>CMake Rules</Filter>
    </CustomBuild>
    <CustomBuild Include="C:\Users\ishan\source\repos\CSC8503 2023\CMakeFiles\33600c992e8c9e96ad202b9213c103ac\SHADER_FILES.rule">
      <Filter>CMake Rules</Filter>
    </CustomBuild>
    <CustomBuild Include="C:\Users\ishan\source\repos\CSC8503 2023\CSC8503\CMakeLists.txt" />
  </ItemGroup>
  <ItemGroup>
    <None Include="C:\Users\ishan\source\repos\CSC8503 2023\CSC8503\CMakeFiles\SHADER_FILES" />
  </ItemGroup>
  <ItemGroup>
    <Filter Include="CMake Rules">
      <UniqueIdentifier>{FF66DFBA-E9BC-3CB4-B8BA-19BEF0F97973}</UniqueIdentifier>
    </Filter>
  </ItemGroup>
</Project>
