<?xml version="1.0" encoding="utf-8"?>
<Project ToolsVersion="17.0" xmlns="http://schemas.microsoft.com/developer/msbuild/2003">
  <ItemGroup>
    <ClCompile Include="C:\Users\c3002856\source\repos\CSC8503\CSC8503\OpenGLRendering\CMakeFiles\OpenGLRendering.dir\cmake_pch.cxx">
      <Filter>Source Files</Filter>
    </ClCompile>
    <ClCompile Include="C:\Users\c3002856\source\repos\CSC8503\CSC8503\OpenGLRendering\OGLTexture.h">
      <Filter>Header Files</Filter>
    </ClCompile>
    <ClCompile Include="C:\Users\c3002856\source\repos\CSC8503\CSC8503\OpenGLRendering\OGLShader.h">
      <Filter>Header Files</Filter>
    </ClCompile>
    <ClCompile Include="C:\Users\c3002856\source\repos\CSC8503\CSC8503\OpenGLRendering\OGLRenderer.h">
      <Filter>Header Files</Filter>
    </ClCompile>
    <ClCompile Include="C:\Users\c3002856\source\repos\CSC8503\CSC8503\OpenGLRendering\OGLMesh.h">
      <Filter>Header Files</Filter>
    </ClCompile>
    <ClCompile Include="C:\Users\c3002856\source\repos\CSC8503\CSC8503\OpenGLRendering\OGLComputeShader.h">
      <Filter>Header Files</Filter>
    </ClCompile>
    <ClCompile Include="C:\Users\c3002856\source\repos\CSC8503\CSC8503\OpenGLRendering\OGLTexture.cpp">
      <Filter>Source Files</Filter>
    </ClCompile>
    <ClCompile Include="C:\Users\c3002856\source\repos\CSC8503\CSC8503\OpenGLRendering\OGLShader.cpp">
      <Filter>Source Files</Filter>
    </ClCompile>
    <ClCompile Include="C:\Users\c3002856\source\repos\CSC8503\CSC8503\OpenGLRendering\OGLRenderer.cpp">
      <Filter>Source Files</Filter>
    </ClCompile>
    <ClCompile Include="C:\Users\c3002856\source\repos\CSC8503\CSC8503\OpenGLRendering\OGLMesh.cpp">
      <Filter>Source Files</Filter>
    </ClCompile>
    <ClCompile Include="C:\Users\c3002856\source\repos\CSC8503\CSC8503\OpenGLRendering\OGLComputeShader.cpp">
      <Filter>Source Files</Filter>
    </ClCompile>
    <ClCompile Include="C:\Users\c3002856\source\repos\CSC8503\CSC8503\OpenGLRendering\glad\gl.h">
      <Filter>GLAD</Filter>
    </ClCompile>
    <ClCompile Include="C:\Users\c3002856\source\repos\CSC8503\CSC8503\OpenGLRendering\glad\gl.c">
      <Filter>GLAD</Filter>
    </ClCompile>
  </ItemGroup>
  <ItemGroup>
    <ClInclude Include="C:\Users\c3002856\source\repos\CSC8503\CSC8503\OpenGLRendering\CMakeFiles\OpenGLRendering.dir\Debug\cmake_pch.hxx">
      <Filter>Precompile Header File</Filter>
    </ClInclude>
    <ClInclude Include="C:\Users\c3002856\source\repos\CSC8503\CSC8503\OpenGLRendering\CMakeFiles\OpenGLRendering.dir\Release\cmake_pch.hxx">
      <Filter>Precompile Header File</Filter>
    </ClInclude>
  </ItemGroup>
  <ItemGroup>
    <CustomBuild Include="C:\Users\c3002856\source\repos\CSC8503\CSC8503\OpenGLRendering\CMakeLists.txt" />
  </ItemGroup>
  <ItemGroup>
    <Filter Include="GLAD">
      <UniqueIdentifier>{13CC9226-4E2B-32FB-9C33-1F79E0F1F729}</UniqueIdentifier>
    </Filter>
    <Filter Include="Header Files">
      <UniqueIdentifier>{7BF6F93B-5934-3B48-9FD2-080693D6619F}</UniqueIdentifier>
    </Filter>
    <Filter Include="Precompile Header File">
      <UniqueIdentifier>{67B74DC1-ADC7-3C9D-9CF4-32A13C22C8D2}</UniqueIdentifier>
    </Filter>
    <Filter Include="Source Files">
      <UniqueIdentifier>{DC70FB0D-8EF7-3134-9173-B7F373CA5632}</UniqueIdentifier>
    </Filter>
  </ItemGroup>
</Project>
